
Microsoft Visual Studio Solution File, Format Version 12.00
# Visual Studio Version 17
VisualStudioVersion = 17.13.35617.110 d17.13
MinimumVisualStudioVersion = 10.0.40219.1
Project("{FAE04EC0-301F-11D3-BF4B-00C04F79EFBC}") = "LegalCaseManagementSystem-BackEnd", "LegalCaseManagementSystem-BackEnd\LegalCaseManagementSystem-BackEnd.csproj", "{268E7245-28FC-406B-AF66-9930FB0A26BE}"
EndProject
Global
	GlobalSection(SolutionConfigurationPlatforms) = preSolution
		Debug|Any CPU = Debug|Any CPU
		Release|Any CPU = Release|Any CPU
	EndGlobalSection
	GlobalSection(ProjectConfigurationPlatforms) = postSolution
		{268E7245-28FC-406B-AF66-9930FB0A26BE}.Debug|Any CPU.ActiveCfg = Debug|Any CPU
		{268E7245-28FC-406B-AF66-9930FB0A26BE}.Debug|Any CPU.Build.0 = Debug|Any CPU
		{268E7245-28FC-406B-AF66-9930FB0A26BE}.Release|Any CPU.ActiveCfg = Release|Any CPU
		{268E7245-28FC-406B-AF66-9930FB0A26BE}.Release|Any CPU.Build.0 = Release|Any CPU
	EndGlobalSection
	GlobalSection(SolutionProperties) = preSolution
		HideSolutionNode = FALSE
	EndGlobalSection
	GlobalSection(ExtensibilityGlobals) = postSolution
		SolutionGuid = {3E6BCBD2-DE90-4386-AB8D-2FB6F0FDA0AE}
	EndGlobalSection
EndGlobal
